{
  "name": "homebridge-http-temperature",
  "version": "0.9.1",
  "lockfileVersion": 2,
  "requires": true,
  "packages": {
    "": {
      "name": "homebridge-http-temperature",
      "version": "0.9.1",
      "license": "ISC",
      "engines": {
        "homebridge": ">=0.2.0",
        "node": ">=0.12.0"
      }
    }
  }
}
